{
  "nodes": {
    "nixpkgs": {
      "locked": {
        "lastModified": 1690148897,
        "narHash": "sha256-l/j/AX1d2K79EWslwgWR2+htkzCbtjKZsS5NbWXnhz4=",
        "owner": "nixos",
        "repo": "nixpkgs",
        "rev": "ac1acba43b2f9db073943ff5ed883ce7e8a40a2c",
        "type": "github"
      },
      "original": {
        "owner": "nixos",
        "ref": "nixos-23.05",
        "repo": "nixpkgs",
        "type": "github"
      }
    },
    "nixpkgs_2": {
      "locked": {
        "lastModified": 1690148897,
        "narHash": "sha256-l/j/AX1d2K79EWslwgWR2+htkzCbtjKZsS5NbWXnhz4=",
        "owner": "nixos",
        "repo": "nixpkgs",
        "rev": "ac1acba43b2f9db073943ff5ed883ce7e8a40a2c",
        "type": "github"
      },
      "original": {
        "owner": "nixos",
        "ref": "nixos-23.05",
        "repo": "nixpkgs",
        "type": "github"
      }
    },
    "resume": {
      "inputs": {
        "nixpkgs": "nixpkgs_2"
      },
      "locked": {
        "lastModified": 1692293165,
        "narHash": "sha256-Ud3tvD1vIPSIT7iX2Z70aMr1ttk3PPC1ObU55vG5LEk=",
        "owner": "gekoke",
        "repo": "resume",
        "rev": "dd31c8bb9b7bea05692f1e773923824b336a7ee6",
        "type": "github"
      },
      "original": {
        "owner": "gekoke",
        "repo": "resume",
        "type": "github"
      }
    },
    "root": {
      "inputs": {
        "nixpkgs": "nixpkgs",
        "resume": "resume"
      }
    }
  },
  "root": "root",
  "version": 7
}
